// !$*UTF8*$!
{
	archiveVersion = 1;
	classes = {
	};
	objectVersion = 56;
	objects = {

/* Begin PBXBuildFile section */
		651CA87E293536A9001C002B /* LogPlaygroundApp.swift in Sources */ = {isa = PBXBuildFile; fileRef = 651CA87D293536A9001C002B /* LogPlaygroundApp.swift */; };
		651CA880293536A9001C002B /* ContentView.swift in Sources */ = {isa = PBXBuildFile; fileRef = 651CA87F293536A9001C002B /* ContentView.swift */; };
		651CA882293536AA001C002B /* Assets.xcassets in Resources */ = {isa = PBXBuildFile; fileRef = 651CA881293536AA001C002B /* Assets.xcassets */; };
		651CA885293536AA001C002B /* Preview Assets.xcassets in Resources */ = {isa = PBXBuildFile; fileRef = 651CA884293536AA001C002B /* Preview Assets.xcassets */; };
		651CA88E29353701001C002B /* Logging in Frameworks */ = {isa = PBXBuildFile; productRef = 651CA88D29353701001C002B /* Logging */; };
		651CA89129353719001C002B /* Zip in Frameworks */ = {isa = PBXBuildFile; productRef = 651CA89029353719001C002B /* Zip */; };
		651CA8942935372A001C002B /* GetOSLogs.swift in Sources */ = {isa = PBXBuildFile; fileRef = 651CA8922935372A001C002B /* GetOSLogs.swift */; };
		651CA8952935372A001C002B /* LoggingOSLog.swift in Sources */ = {isa = PBXBuildFile; fileRef = 651CA8932935372A001C002B /* LoggingOSLog.swift */; };
/* End PBXBuildFile section */

/* Begin PBXFileReference section */
		651CA87A293536A9001C002B /* LogPlayground.app */ = {isa = PBXFileReference; explicitFileType = wrapper.application; includeInIndex = 0; path = LogPlayground.app; sourceTree = BUILT_PRODUCTS_DIR; };
		651CA87D293536A9001C002B /* LogPlaygroundApp.swift */ = {isa = PBXFileReference; lastKnownFileType = sourcecode.swift; path = LogPlaygroundApp.swift; sourceTree = "<group>"; };
		651CA87F293536A9001C002B /* ContentView.swift */ = {isa = PBXFileReference; lastKnownFileType = sourcecode.swift; path = ContentView.swift; sourceTree = "<group>"; };
		651CA881293536AA001C002B /* Assets.xcassets */ = {isa = PBXFileReference; lastKnownFileType = folder.assetcatalog; path = Assets.xcassets; sourceTree = "<group>"; };
		651CA884293536AA001C002B /* Preview Assets.xcassets */ = {isa = PBXFileReference; lastKnownFileType = folder.assetcatalog; path = "Preview Assets.xcassets"; sourceTree = "<group>"; };
		651CA886293536AA001C002B /* LogPlayground.entitlements */ = {isa = PBXFileReference; lastKnownFileType = text.plist.entitlements; path = LogPlayground.entitlements; sourceTree = "<group>"; };
		651CA8922935372A001C002B /* GetOSLogs.swift */ = {isa = PBXFileReference; fileEncoding = 4; lastKnownFileType = sourcecode.swift; path = GetOSLogs.swift; sourceTree = "<group>"; };
		651CA8932935372A001C002B /* LoggingOSLog.swift */ = {isa = PBXFileReference; fileEncoding = 4; lastKnownFileType = sourcecode.swift; path = LoggingOSLog.swift; sourceTree = "<group>"; };
/* End PBXFileReference section */

/* Begin PBXFrameworksBuildPhase section */
		651CA877293536A9001C002B /* Frameworks */ = {
			isa = PBXFrameworksBuildPhase;
			buildActionMask = 2147483647;
			files = (
				651CA89129353719001C002B /* Zip in Frameworks */,
				651CA88E29353701001C002B /* Logging in Frameworks */,
			);
			runOnlyForDeploymentPostprocessing = 0;
		};
/* End PBXFrameworksBuildPhase section */

/* Begin PBXGroup section */
		651CA871293536A9001C002B = {
			isa = PBXGroup;
			children = (
				651CA87C293536A9001C002B /* LogPlayground */,
				651CA87B293536A9001C002B /* Products */,
			);
			sourceTree = "<group>";
		};
		651CA87B293536A9001C002B /* Products */ = {
			isa = PBXGroup;
			children = (
				651CA87A293536A9001C002B /* LogPlayground.app */,
			);
			name = Products;
			sourceTree = "<group>";
		};
		651CA87C293536A9001C002B /* LogPlayground */ = {
			isa = PBXGroup;
			children = (
				651CA886293536AA001C002B /* LogPlayground.entitlements */,
				651CA87F293536A9001C002B /* ContentView.swift */,
				651CA8922935372A001C002B /* GetOSLogs.swift */,
				651CA8932935372A001C002B /* LoggingOSLog.swift */,
				651CA87D293536A9001C002B /* LogPlaygroundApp.swift */,
				651CA881293536AA001C002B /* Assets.xcassets */,
				651CA883293536AA001C002B /* Preview Content */,
			);
			path = LogPlayground;
			sourceTree = "<group>";
		};
		651CA883293536AA001C002B /* Preview Content */ = {
			isa = PBXGroup;
			children = (
				651CA884293536AA001C002B /* Preview Assets.xcassets */,
			);
			path = "Preview Content";
			sourceTree = "<group>";
		};
/* End PBXGroup section */

/* Begin PBXNativeTarget section */
		651CA879293536A9001C002B /* LogPlayground */ = {
			isa = PBXNativeTarget;
			buildConfigurationList = 651CA889293536AA001C002B /* Build configuration list for PBXNativeTarget "LogPlayground" */;
			buildPhases = (
				651CA876293536A9001C002B /* Sources */,
				651CA877293536A9001C002B /* Frameworks */,
				651CA878293536A9001C002B /* Resources */,
			);
			buildRules = (
			);
			dependencies = (
			);
			name = LogPlayground;
			packageProductDependencies = (
				651CA88D29353701001C002B /* Logging */,
				651CA89029353719001C002B /* Zip */,
			);
			productName = LogPlayground;
			productReference = 651CA87A293536A9001C002B /* LogPlayground.app */;
			productType = "com.apple.product-type.application";
		};
/* End PBXNativeTarget section */

/* Begin PBXProject section */
		651CA872293536A9001C002B /* Project object */ = {
			isa = PBXProject;
			attributes = {
				BuildIndependentTargetsInParallel = 1;
				LastSwiftUpdateCheck = 1410;
				LastUpgradeCheck = 1410;
				TargetAttributes = {
					651CA879293536A9001C002B = {
						CreatedOnToolsVersion = 14.1;
					};
				};
			};
			buildConfigurationList = 651CA875293536A9001C002B /* Build configuration list for PBXProject "LogPlayground" */;
			compatibilityVersion = "Xcode 14.0";
			developmentRegion = en;
			hasScannedForEncodings = 0;
			knownRegions = (
				en,
				Base,
			);
			mainGroup = 651CA871293536A9001C002B;
			packageReferences = (
				651CA88C29353701001C002B /* XCRemoteSwiftPackageReference "swift-log" */,
				651CA88F29353719001C002B /* XCRemoteSwiftPackageReference "Zip" */,
			);
			productRefGroup = 651CA87B293536A9001C002B /* Products */;
			projectDirPath = "";
			projectRoot = "";
			targets = (
				651CA879293536A9001C002B /* LogPlayground */,
			);
		};
/* End PBXProject section */

/* Begin PBXResourcesBuildPhase section */
		651CA878293536A9001C002B /* Resources */ = {
			isa = PBXResourcesBuildPhase;
			buildActionMask = 2147483647;
			files = (
				651CA885293536AA001C002B /* Preview Assets.xcassets in Resources */,
				651CA882293536AA001C002B /* Assets.xcassets in Resources */,
			);
			runOnlyForDeploymentPostprocessing = 0;
		};
/* End PBXResourcesBuildPhase section */

/* Begin PBXSourcesBuildPhase section */
		651CA876293536A9001C002B /* Sources */ = {
			isa = PBXSourcesBuildPhase;
			buildActionMask = 2147483647;
			files = (
				651CA8952935372A001C002B /* LoggingOSLog.swift in Sources */,
				651CA880293536A9001C002B /* ContentView.swift in Sources */,
				651CA87E293536A9001C002B /* LogPlaygroundApp.swift in Sources */,
				651CA8942935372A001C002B /* GetOSLogs.swift in Sources */,
			);
			runOnlyForDeploymentPostprocessing = 0;
		};
/* End PBXSourcesBuildPhase section */

/* Begin XCBuildConfiguration section */
		651CA887293536AA001C002B /* Debug */ = {
			isa = XCBuildConfiguration;
			buildSettings = {
				ALWAYS_SEARCH_USER_PATHS = NO;
				CLANG_ANALYZER_NONNULL = YES;
				CLANG_ANALYZER_NUMBER_OBJECT_CONVERSION = YES_AGGRESSIVE;
				CLANG_CXX_LANGUAGE_STANDARD = "gnu++20";
				CLANG_ENABLE_MODULES = YES;
				CLANG_ENABLE_OBJC_ARC = YES;
				CLANG_ENABLE_OBJC_WEAK = YES;
				CLANG_WARN_BLOCK_CAPTURE_AUTORELEASING = YES;
				CLANG_WARN_BOOL_CONVERSION = YES;
				CLANG_WARN_COMMA = YES;
				CLANG_WARN_CONSTANT_CONVERSION = YES;
				CLANG_WARN_DEPRECATED_OBJC_IMPLEMENTATIONS = YES;
				CLANG_WARN_DIRECT_OBJC_ISA_USAGE = YES_ERROR;
				CLANG_WARN_DOCUMENTATION_COMMENTS = YES;
				CLANG_WARN_EMPTY_BODY = YES;
				CLANG_WARN_ENUM_CONVERSION = YES;
				CLANG_WARN_INFINITE_RECURSION = YES;
				CLANG_WARN_INT_CONVERSION = YES;
				CLANG_WARN_NON_LITERAL_NULL_CONVERSION = YES;
				CLANG_WARN_OBJC_IMPLICIT_RETAIN_SELF = YES;
				CLANG_WARN_OBJC_LITERAL_CONVERSION = YES;
				CLANG_WARN_OBJC_ROOT_CLASS = YES_ERROR;
				CLANG_WARN_QUOTED_INCLUDE_IN_FRAMEWORK_HEADER = YES;
				CLANG_WARN_RANGE_LOOP_ANALYSIS = YES;
				CLANG_WARN_STRICT_PROTOTYPES = YES;
				CLANG_WARN_SUSPICIOUS_MOVE = YES;
				CLANG_WARN_UNGUARDED_AVAILABILITY = YES_AGGRESSIVE;
				CLANG_WARN_UNREACHABLE_CODE = YES;
				CLANG_WARN__DUPLICATE_METHOD_MATCH = YES;
				COPY_PHASE_STRIP = NO;
				DEBUG_INFORMATION_FORMAT = dwarf;
				ENABLE_STRICT_OBJC_MSGSEND = YES;
				ENABLE_TESTABILITY = YES;
				GCC_C_LANGUAGE_STANDARD = gnu11;
				GCC_DYNAMIC_NO_PIC = NO;
				GCC_NO_COMMON_BLOCKS = YES;
				GCC_OPTIMIZATION_LEVEL = 0;
				GCC_PREPROCESSOR_DEFINITIONS = (
					"DEBUG=1",
					"$(inherited)",
				);
				GCC_WARN_64_TO_32_BIT_CONVERSION = YES;
				GCC_WARN_ABOUT_RETURN_TYPE = YES_ERROR;
				GCC_WARN_UNDECLARED_SELECTOR = YES;
				GCC_WARN_UNINITIALIZED_AUTOS = YES_AGGRESSIVE;
				GCC_WARN_UNUSED_FUNCTION = YES;
				GCC_WARN_UNUSED_VARIABLE = YES;
				MACOSX_DEPLOYMENT_TARGET = 13.0;
				MTL_ENABLE_DEBUG_INFO = INCLUDE_SOURCE;
				MTL_FAST_MATH = YES;
				ONLY_ACTIVE_ARCH = YES;
				SDKROOT = macosx;
				SWIFT_ACTIVE_COMPILATION_CONDITIONS = DEBUG;
				SWIFT_OPTIMIZATION_LEVEL = "-Onone";
			};
			name = Debug;
		};
		651CA888293536AA001C002B /* Release */ = {
			isa = XCBuildConfiguration;
			buildSettings = {
				ALWAYS_SEARCH_USER_PATHS = NO;
				CLANG_ANALYZER_NONNULL = YES;
				CLANG_ANALYZER_NUMBER_OBJECT_CONVERSION = YES_AGGRESSIVE;
				CLANG_CXX_LANGUAGE_STANDARD = "gnu++20";
				CLANG_ENABLE_MODULES = YES;
				CLANG_ENABLE_OBJC_ARC = YES;
				CLANG_ENABLE_OBJC_WEAK = YES;
				CLANG_WARN_BLOCK_CAPTURE_AUTORELEASING = YES;
				CLANG_WARN_BOOL_CONVERSION = YES;
				CLANG_WARN_COMMA = YES;
				CLANG_WARN_CONSTANT_CONVERSION = YES;
				CLANG_WARN_DEPRECATED_OBJC_IMPLEMENTATIONS = YES;
				CLANG_WARN_DIRECT_OBJC_ISA_USAGE = YES_ERROR;
				CLANG_WARN_DOCUMENTATION_COMMENTS = YES;
				CLANG_WARN_EMPTY_BODY = YES;
				CLANG_WARN_ENUM_CONVERSION = YES;
				CLANG_WARN_INFINITE_RECURSION = YES;
				CLANG_WARN_INT_CONVERSION = YES;
				CLANG_WARN_NON_LITERAL_NULL_CONVERSION = YES;
				CLANG_WARN_OBJC_IMPLICIT_RETAIN_SELF = YES;
				CLANG_WARN_OBJC_LITERAL_CONVERSION = YES;
				CLANG_WARN_OBJC_ROOT_CLASS = YES_ERROR;
				CLANG_WARN_QUOTED_INCLUDE_IN_FRAMEWORK_HEADER = YES;
				CLANG_WARN_RANGE_LOOP_ANALYSIS = YES;
				CLANG_WARN_STRICT_PROTOTYPES = YES;
				CLANG_WARN_SUSPICIOUS_MOVE = YES;
				CLANG_WARN_UNGUARDED_AVAILABILITY = YES_AGGRESSIVE;
				CLANG_WARN_UNREACHABLE_CODE = YES;
				CLANG_WARN__DUPLICATE_METHOD_MATCH = YES;
				COPY_PHASE_STRIP = NO;
				DEBUG_INFORMATION_FORMAT = "dwarf-with-dsym";
				ENABLE_NS_ASSERTIONS = NO;
				ENABLE_STRICT_OBJC_MSGSEND = YES;
				GCC_C_LANGUAGE_STANDARD = gnu11;
				GCC_NO_COMMON_BLOCKS = YES;
				GCC_WARN_64_TO_32_BIT_CONVERSION = YES;
				GCC_WARN_ABOUT_RETURN_TYPE = YES_ERROR;
				GCC_WARN_UNDECLARED_SELECTOR = YES;
				GCC_WARN_UNINITIALIZED_AUTOS = YES_AGGRESSIVE;
				GCC_WARN_UNUSED_FUNCTION = YES;
				GCC_WARN_UNUSED_VARIABLE = YES;
				MACOSX_DEPLOYMENT_TARGET = 13.0;
				MTL_ENABLE_DEBUG_INFO = NO;
				MTL_FAST_MATH = YES;
				SDKROOT = macosx;
				SWIFT_COMPILATION_MODE = wholemodule;
				SWIFT_OPTIMIZATION_LEVEL = "-O";
			};
			name = Release;
		};
		651CA88A293536AA001C002B /* Debug */ = {
			isa = XCBuildConfiguration;
			buildSettings = {
				ASSETCATALOG_COMPILER_APPICON_NAME = AppIcon;
				ASSETCATALOG_COMPILER_GLOBAL_ACCENT_COLOR_NAME = AccentColor;
				CODE_SIGN_ENTITLEMENTS = LogPlayground/LogPlayground.entitlements;
				CODE_SIGN_STYLE = Automatic;
				COMBINE_HIDPI_IMAGES = YES;
				CURRENT_PROJECT_VERSION = 1;
				DEVELOPMENT_ASSET_PATHS = "\"LogPlayground/Preview Content\"";
				ENABLE_PREVIEWS = YES;
				GENERATE_INFOPLIST_FILE = YES;
				INFOPLIST_KEY_NSHumanReadableCopyright = "";
				LD_RUNPATH_SEARCH_PATHS = (
					"$(inherited)",
					"@executable_path/../Frameworks",
				);
				MARKETING_VERSION = 1.0;
				PRODUCT_BUNDLE_IDENTIFIER = ai.rewind.LogPlayground.LogPlayground;
				PRODUCT_NAME = "$(TARGET_NAME)";
				SWIFT_EMIT_LOC_STRINGS = YES;
				SWIFT_VERSION = 5.0;
			};
			name = Debug;
		};
		651CA88B293536AA001C002B /* Release */ = {
			isa = XCBuildConfiguration;
			buildSettings = {
				ASSETCATALOG_COMPILER_APPICON_NAME = AppIcon;
				ASSETCATALOG_COMPILER_GLOBAL_ACCENT_COLOR_NAME = AccentColor;
				CODE_SIGN_ENTITLEMENTS = LogPlayground/LogPlayground.entitlements;
				CODE_SIGN_STYLE = Automatic;
				COMBINE_HIDPI_IMAGES = YES;
				CURRENT_PROJECT_VERSION = 1;
				DEVELOPMENT_ASSET_PATHS = "\"LogPlayground/Preview Content\"";
				ENABLE_PREVIEWS = YES;
				GENERATE_INFOPLIST_FILE = YES;
				INFOPLIST_KEY_NSHumanReadableCopyright = "";
				LD_RUNPATH_SEARCH_PATHS = (
					"$(inherited)",
					"@executable_path/../Frameworks",
				);
				MARKETING_VERSION = 1.0;
				PRODUCT_BUNDLE_IDENTIFIER = ai.rewind.LogPlayground.LogPlayground;
				PRODUCT_NAME = "$(TARGET_NAME)";
				SWIFT_EMIT_LOC_STRINGS = YES;
				SWIFT_VERSION = 5.0;
			};
			name = Release;
		};
/* End XCBuildConfiguration section */

/* Begin XCConfigurationList section */
		651CA875293536A9001C002B /* Build configuration list for PBXProject "LogPlayground" */ = {
			isa = XCConfigurationList;
			buildConfigurations = (
				651CA887293536AA001C002B /* Debug */,
				651CA888293536AA001C002B /* Release */,
			);
			defaultConfigurationIsVisible = 0;
			defaultConfigurationName = Release;
		};
		651CA889293536AA001C002B /* Build configuration list for PBXNativeTarget "LogPlayground" */ = {
			isa = XCConfigurationList;
			buildConfigurations = (
				651CA88A293536AA001C002B /* Debug */,
				651CA88B293536AA001C002B /* Release */,
			);
			defaultConfigurationIsVisible = 0;
			defaultConfigurationName = Release;
		};
/* End XCConfigurationList section */

/* Begin XCRemoteSwiftPackageReference section */
		651CA88C29353701001C002B /* XCRemoteSwiftPackageReference "swift-log" */ = {
			isa = XCRemoteSwiftPackageReference;
			repositoryURL = "https://github.com/apple/swift-log";
			requirement = {
				branch = main;
				kind = branch;
			};
		};
		651CA88F29353719001C002B /* XCRemoteSwiftPackageReference "Zip" */ = {
			isa = XCRemoteSwiftPackageReference;
			repositoryURL = "https://github.com/marmelroy/Zip";
			requirement = {
				branch = master;
				kind = branch;
			};
		};
/* End XCRemoteSwiftPackageReference section */

/* Begin XCSwiftPackageProductDependency section */
		651CA88D29353701001C002B /* Logging */ = {
			isa = XCSwiftPackageProductDependency;
			package = 651CA88C29353701001C002B /* XCRemoteSwiftPackageReference "swift-log" */;
			productName = Logging;
		};
		651CA89029353719001C002B /* Zip */ = {
			isa = XCSwiftPackageProductDependency;
			package = 651CA88F29353719001C002B /* XCRemoteSwiftPackageReference "Zip" */;
			productName = Zip;
		};
/* End XCSwiftPackageProductDependency section */
	};
	rootObject = 651CA872293536A9001C002B /* Project object */;
}
